
Microsoft Visual Studio Solution File, Format Version 12.00
# Visual Studio 15
VisualStudioVersion = 15.0.26430.16
MinimumVisualStudioVersion = 10.0.40219.1
Project("{FAE04EC0-301F-11D3-BF4B-00C04F79EFBC}") = "Infrastructure.Data", "Infrastructure.Data\Infrastructure.Data.csproj", "{3FBE7763-3B26-410F-A723-E8831E181405}"
EndProject
Project("{FAE04EC0-301F-11D3-BF4B-00C04F79EFBC}") = "Api", "Api\Api.csproj", "{AD098635-FE6A-47D2-B380-1EC8CF0CC560}"
EndProject
Project("{FAE04EC0-301F-11D3-BF4B-00C04F79EFBC}") = "Domain", "Domain\Domain.csproj", "{66680213-3748-496C-A743-AAD96265A17F}"
EndProject
Project("{FAE04EC0-301F-11D3-BF4B-00C04F79EFBC}") = "Domain.Tests", "Domain.Tests\Domain.Tests.csproj", "{DDE32718-CAAF-4D98-81D1-727F2C6424A3}"
EndProject
Project("{FAE04EC0-301F-11D3-BF4B-00C04F79EFBC}") = "Infrastructure.Crosscutting.Core", "Infrastructure.Crosscutting.Core\Infrastructure.Crosscutting.Core.csproj", "{4FC54497-C60D-4D5E-BC49-46CA3A24C9E6}"
EndProject
Project("{FAE04EC0-301F-11D3-BF4B-00C04F79EFBC}") = "Infrastructure.Crosscutting.NetFramework", "Infrastructure.Crosscutting.NetFramework\Infrastructure.Crosscutting.NetFramework.csproj", "{D3563558-4DDF-4C02-8B8D-1FB3D1943721}"
EndProject
Project("{2150E333-8FDC-42A3-9474-1A3956D46DE8}") = "3-Domain", "3-Domain", "{444AD67C-2209-4CE5-881C-CB7D99BB4378}"
EndProject
Project("{2150E333-8FDC-42A3-9474-1A3956D46DE8}") = "2-Services", "2-Services", "{CB2E7A12-4809-4C9A-8080-838A605DAD40}"
EndProject
Project("{2150E333-8FDC-42A3-9474-1A3956D46DE8}") = "1-Presentation", "1-Presentation", "{B6628C96-C1B3-40AC-AD68-B552B0E7975D}"
EndProject
Project("{2150E333-8FDC-42A3-9474-1A3956D46DE8}") = "4-Infrastructure", "4-Infrastructure", "{9F6D035C-B36F-49A1-BD93-D741F801CE7E}"
EndProject
Project("{2150E333-8FDC-42A3-9474-1A3956D46DE8}") = "4.1-Data", "4.1-Data", "{0990FC56-131A-41B5-9C8C-270A98002992}"
EndProject
Project("{2150E333-8FDC-42A3-9474-1A3956D46DE8}") = "4.2-Crosscuting", "4.2-Crosscuting", "{035919A1-A3DA-47E6-AE68-0868DFD07E14}"
EndProject
Project("{F088123C-0E9E-452A-89E6-6BA2F21D5CAC}") = "Modeling", "Modeling\Modeling.modelproj", "{B44B5C4E-4B70-42DB-9E9C-694133ADFFC3}"
EndProject
Project("{2150E333-8FDC-42A3-9474-1A3956D46DE8}") = "0-Modeling", "0-Modeling", "{EA4E0D44-9162-481C-9DA7-406F20E84753}"
EndProject
Project("{2150E333-8FDC-42A3-9474-1A3956D46DE8}") = "SonarQube", "SonarQube", "{565271ED-DCEA-45CF-B152-B277C4614E52}"
	ProjectSection(SolutionItems) = preProject
		SonarQube\business-template_masterCSharp.ruleset = SonarQube\business-template_masterCSharp.ruleset
		SonarQube\SolutionBinding.sqconfig = SonarQube\SolutionBinding.sqconfig
	EndProjectSection
EndProject
Global
	GlobalSection(SolutionConfigurationPlatforms) = preSolution
		Debug|Any CPU = Debug|Any CPU
		Release|Any CPU = Release|Any CPU
		Tests|Any CPU = Tests|Any CPU
	EndGlobalSection
	GlobalSection(ProjectConfigurationPlatforms) = postSolution
		{3FBE7763-3B26-410F-A723-E8831E181405}.Debug|Any CPU.ActiveCfg = Debug|Any CPU
		{3FBE7763-3B26-410F-A723-E8831E181405}.Debug|Any CPU.Build.0 = Debug|Any CPU
		{3FBE7763-3B26-410F-A723-E8831E181405}.Release|Any CPU.ActiveCfg = Release|Any CPU
		{3FBE7763-3B26-410F-A723-E8831E181405}.Release|Any CPU.Build.0 = Release|Any CPU
		{3FBE7763-3B26-410F-A723-E8831E181405}.Tests|Any CPU.ActiveCfg = Release|Any CPU
		{3FBE7763-3B26-410F-A723-E8831E181405}.Tests|Any CPU.Build.0 = Release|Any CPU
		{AD098635-FE6A-47D2-B380-1EC8CF0CC560}.Debug|Any CPU.ActiveCfg = Debug|Any CPU
		{AD098635-FE6A-47D2-B380-1EC8CF0CC560}.Debug|Any CPU.Build.0 = Debug|Any CPU
		{AD098635-FE6A-47D2-B380-1EC8CF0CC560}.Release|Any CPU.ActiveCfg = Release|Any CPU
		{AD098635-FE6A-47D2-B380-1EC8CF0CC560}.Release|Any CPU.Build.0 = Release|Any CPU
		{AD098635-FE6A-47D2-B380-1EC8CF0CC560}.Tests|Any CPU.ActiveCfg = Release|Any CPU
		{AD098635-FE6A-47D2-B380-1EC8CF0CC560}.Tests|Any CPU.Build.0 = Release|Any CPU
		{66680213-3748-496C-A743-AAD96265A17F}.Debug|Any CPU.ActiveCfg = Debug|Any CPU
		{66680213-3748-496C-A743-AAD96265A17F}.Debug|Any CPU.Build.0 = Debug|Any CPU
		{66680213-3748-496C-A743-AAD96265A17F}.Release|Any CPU.ActiveCfg = Release|Any CPU
		{66680213-3748-496C-A743-AAD96265A17F}.Release|Any CPU.Build.0 = Release|Any CPU
		{66680213-3748-496C-A743-AAD96265A17F}.Tests|Any CPU.ActiveCfg = Release|Any CPU
		{66680213-3748-496C-A743-AAD96265A17F}.Tests|Any CPU.Build.0 = Release|Any CPU
		{DDE32718-CAAF-4D98-81D1-727F2C6424A3}.Debug|Any CPU.ActiveCfg = Debug|Any CPU
		{DDE32718-CAAF-4D98-81D1-727F2C6424A3}.Debug|Any CPU.Build.0 = Debug|Any CPU
		{DDE32718-CAAF-4D98-81D1-727F2C6424A3}.Release|Any CPU.ActiveCfg = Release|Any CPU
		{DDE32718-CAAF-4D98-81D1-727F2C6424A3}.Release|Any CPU.Build.0 = Release|Any CPU
		{DDE32718-CAAF-4D98-81D1-727F2C6424A3}.Tests|Any CPU.ActiveCfg = Release|Any CPU
		{DDE32718-CAAF-4D98-81D1-727F2C6424A3}.Tests|Any CPU.Build.0 = Release|Any CPU
		{4FC54497-C60D-4D5E-BC49-46CA3A24C9E6}.Debug|Any CPU.ActiveCfg = Debug|Any CPU
		{4FC54497-C60D-4D5E-BC49-46CA3A24C9E6}.Debug|Any CPU.Build.0 = Debug|Any CPU
		{4FC54497-C60D-4D5E-BC49-46CA3A24C9E6}.Release|Any CPU.ActiveCfg = Release|Any CPU
		{4FC54497-C60D-4D5E-BC49-46CA3A24C9E6}.Release|Any CPU.Build.0 = Release|Any CPU
		{4FC54497-C60D-4D5E-BC49-46CA3A24C9E6}.Tests|Any CPU.ActiveCfg = Tests|Any CPU
		{4FC54497-C60D-4D5E-BC49-46CA3A24C9E6}.Tests|Any CPU.Build.0 = Tests|Any CPU
		{D3563558-4DDF-4C02-8B8D-1FB3D1943721}.Debug|Any CPU.ActiveCfg = Debug|Any CPU
		{D3563558-4DDF-4C02-8B8D-1FB3D1943721}.Debug|Any CPU.Build.0 = Debug|Any CPU
		{D3563558-4DDF-4C02-8B8D-1FB3D1943721}.Release|Any CPU.ActiveCfg = Release|Any CPU
		{D3563558-4DDF-4C02-8B8D-1FB3D1943721}.Release|Any CPU.Build.0 = Release|Any CPU
		{D3563558-4DDF-4C02-8B8D-1FB3D1943721}.Tests|Any CPU.ActiveCfg = Tests|Any CPU
		{D3563558-4DDF-4C02-8B8D-1FB3D1943721}.Tests|Any CPU.Build.0 = Tests|Any CPU
		{B44B5C4E-4B70-42DB-9E9C-694133ADFFC3}.Debug|Any CPU.ActiveCfg = Debug|Any CPU
		{B44B5C4E-4B70-42DB-9E9C-694133ADFFC3}.Debug|Any CPU.Build.0 = Debug|Any CPU
		{B44B5C4E-4B70-42DB-9E9C-694133ADFFC3}.Release|Any CPU.ActiveCfg = Release|Any CPU
		{B44B5C4E-4B70-42DB-9E9C-694133ADFFC3}.Release|Any CPU.Build.0 = Release|Any CPU
		{B44B5C4E-4B70-42DB-9E9C-694133ADFFC3}.Tests|Any CPU.ActiveCfg = Release|Any CPU
		{B44B5C4E-4B70-42DB-9E9C-694133ADFFC3}.Tests|Any CPU.Build.0 = Release|Any CPU
	EndGlobalSection
	GlobalSection(SolutionProperties) = preSolution
		HideSolutionNode = FALSE
	EndGlobalSection
	GlobalSection(NestedProjects) = preSolution
		{3FBE7763-3B26-410F-A723-E8831E181405} = {0990FC56-131A-41B5-9C8C-270A98002992}
		{AD098635-FE6A-47D2-B380-1EC8CF0CC560} = {CB2E7A12-4809-4C9A-8080-838A605DAD40}
		{66680213-3748-496C-A743-AAD96265A17F} = {444AD67C-2209-4CE5-881C-CB7D99BB4378}
		{DDE32718-CAAF-4D98-81D1-727F2C6424A3} = {444AD67C-2209-4CE5-881C-CB7D99BB4378}
		{4FC54497-C60D-4D5E-BC49-46CA3A24C9E6} = {035919A1-A3DA-47E6-AE68-0868DFD07E14}
		{D3563558-4DDF-4C02-8B8D-1FB3D1943721} = {035919A1-A3DA-47E6-AE68-0868DFD07E14}
		{0990FC56-131A-41B5-9C8C-270A98002992} = {9F6D035C-B36F-49A1-BD93-D741F801CE7E}
		{035919A1-A3DA-47E6-AE68-0868DFD07E14} = {9F6D035C-B36F-49A1-BD93-D741F801CE7E}
		{B44B5C4E-4B70-42DB-9E9C-694133ADFFC3} = {EA4E0D44-9162-481C-9DA7-406F20E84753}
	EndGlobalSection
EndGlobal
